
Microsoft Visual Studio Solution File, Format Version 11.00
# Visual Studio 2010
Project("{FAE04EC0-301F-11D3-BF4B-00C04F79EFBC}") = "Inverse UR Kinematics", "Assembly-CSharp.csproj", "{939CA732-6503-D11F-BA25-E729963586AF}"
EndProject
Global
	GlobalSection(SolutionConfigurationPlatforms) = preSolution
		Debug|Any CPU = Debug|Any CPU
		Release|Any CPU = Release|Any CPU
	EndGlobalSection
	GlobalSection(ProjectConfigurationPlatforms) = postSolution
		{939CA732-6503-D11F-BA25-E729963586AF}.Debug|Any CPU.ActiveCfg = Debug|Any CPU
		{939CA732-6503-D11F-BA25-E729963586AF}.Debug|Any CPU.Build.0 = Debug|Any CPU
		{939CA732-6503-D11F-BA25-E729963586AF}.Release|Any CPU.ActiveCfg = Release|Any CPU
		{939CA732-6503-D11F-BA25-E729963586AF}.Release|Any CPU.Build.0 = Release|Any CPU
	EndGlobalSection
	GlobalSection(SolutionProperties) = preSolution
		HideSolutionNode = FALSE
	EndGlobalSection
	GlobalSection(MonoDevelopProperties) = preSolution
		StartupItem = Assembly-CSharp.csproj
	EndGlobalSection
EndGlobal
